
Microsoft Visual Studio Solution File, Format Version 12.00
# Visual Studio Version 16
VisualStudioVersion = 16.0.31702.278
MinimumVisualStudioVersion = 10.0.40219.1
Project("{FAE04EC0-301F-11D3-BF4B-00C04F79EFBC}") = "Niculae_Ana-Maria_Pagina_Web", "Niculae_Ana-Maria_Pagina_Web\Niculae_Ana-Maria_Pagina_Web.csproj", "{5FBC5D48-7C77-4E0B-B5F9-C465DF57AC3E}"
EndProject
Global
	GlobalSection(SolutionConfigurationPlatforms) = preSolution
		Debug|Any CPU = Debug|Any CPU
		Release|Any CPU = Release|Any CPU
	EndGlobalSection
	GlobalSection(ProjectConfigurationPlatforms) = postSolution
		{5FBC5D48-7C77-4E0B-B5F9-C465DF57AC3E}.Debug|Any CPU.ActiveCfg = Debug|Any CPU
		{5FBC5D48-7C77-4E0B-B5F9-C465DF57AC3E}.Debug|Any CPU.Build.0 = Debug|Any CPU
		{5FBC5D48-7C77-4E0B-B5F9-C465DF57AC3E}.Release|Any CPU.ActiveCfg = Release|Any CPU
		{5FBC5D48-7C77-4E0B-B5F9-C465DF57AC3E}.Release|Any CPU.Build.0 = Release|Any CPU
	EndGlobalSection
	GlobalSection(SolutionProperties) = preSolution
		HideSolutionNode = FALSE
	EndGlobalSection
	GlobalSection(ExtensibilityGlobals) = postSolution
		SolutionGuid = {B5666D09-C5B8-4684-A63A-67C882778313}
	EndGlobalSection
EndGlobal
